<?xml version="1.0" encoding="utf-8"?>
<Project ToolsVersion="4.0" xmlns="http://schemas.microsoft.com/developer/msbuild/2003">
  <ItemGroup>
    <Filter Include="Source Files">
      <UniqueIdentifier>{4FC737F1-C7A5-4376-A066-2A32D752A2FF}</UniqueIdentifier>
      <Extensions>cpp;c;cc;cxx;def;odl;idl;hpj;bat;asm;asmx</Extensions>
    </Filter>
    <Filter Include="Header Files">
      <UniqueIdentifier>{93995380-89BD-4b04-88EB-625FBE52EBFB}</UniqueIdentifier>
      <Extensions>h;hh;hpp;hxx;hm;inl;inc;xsd</Extensions>
    </Filter>
    <Filter Include="Resource Files">
      <UniqueIdentifier>{67DA6AB6-F800-4c08-8B7A-83BB121AAD01}</UniqueIdentifier>
      <Extensions>rc;ico;cur;bmp;dlg;rc2;rct;bin;rgs;gif;jpg;jpeg;jpe;resx;tiff;tif;png;wav</Extensions>
    </Filter>
  </ItemGroup>
  <ItemGroup>
    <ClCompile Include="src\main.cpp">
      <Filter>Source Files</Filter>
    </ClCompile>
    <ClCompile Include="src\core.cpp">
      <Filter>Source Files</Filter>
    </ClCompile>
    <ClCompile Include="src\logger.cpp">
      <Filter>Source Files</Filter>
    </ClCompile>
    <ClCompile Include="src\sph.cpp">
      <Filter>Source Files</Filter>
    </ClCompile>
    <ClCompile Include="src\output.cpp">
      <Filter>Source Files</Filter>
    </ClCompile>
    <ClCompile Include="src\timestep.cpp">
      <Filter>Source Files</Filter>
    </ClCompile>
    <ClCompile Include="src\pre_interaction.cpp">
      <Filter>Source Files</Filter>
    </ClCompile>
  </ItemGroup>
  <ItemGroup>
    <ClInclude Include="include\core.hpp">
      <Filter>Header Files</Filter>
    </ClInclude>
    <ClInclude Include="include\defines.hpp">
      <Filter>Header Files</Filter>
    </ClInclude>
    <ClInclude Include="include\exception.hpp">
      <Filter>Header Files</Filter>
    </ClInclude>
    <ClInclude Include="include\kernel_function.hpp">
      <Filter>Header Files</Filter>
    </ClInclude>
    <ClInclude Include="include\logger.hpp">
      <Filter>Header Files</Filter>
    </ClInclude>
    <ClInclude Include="include\vector_type.hpp">
      <Filter>Header Files</Filter>
    </ClInclude>
    <ClInclude Include="include\wendland_kernel.hpp">
      <Filter>Header Files</Filter>
    </ClInclude>
    <ClInclude Include="include\parameters.hpp">
      <Filter>Header Files</Filter>
    </ClInclude>
    <ClInclude Include="include\sph.hpp">
      <Filter>Header Files</Filter>
    </ClInclude>
    <ClInclude Include="include\particle.hpp">
      <Filter>Header Files</Filter>
    </ClInclude>
    <ClInclude Include="include\output.hpp">
      <Filter>Header Files</Filter>
    </ClInclude>
    <ClInclude Include="include\timestep.hpp">
      <Filter>Header Files</Filter>
    </ClInclude>
    <ClInclude Include="include\openmp.hpp">
      <Filter>Header Files</Filter>
    </ClInclude>
    <ClInclude Include="include\cubic_spline.hpp">
      <Filter>Header Files</Filter>
    </ClInclude>
    <ClInclude Include="include\pre_interaction.hpp">
      <Filter>Header Files</Filter>
    </ClInclude>
    <ClInclude Include="include\module.hpp">
      <Filter>Header Files</Filter>
    </ClInclude>
    <ClInclude Include="include\distance.hpp">
      <Filter>Header Files</Filter>
    </ClInclude>
  </ItemGroup>
</Project>